
Microsoft Visual Studio Solution File, Format Version 12.00
# Visual Studio Version 16
VisualStudioVersion = 16.0.28803.452
MinimumVisualStudioVersion = 10.0.40219.1
Project("{FAE04EC0-301F-11D3-BF4B-00C04F79EFBC}") = "WooCommerceDotNetClient", "WooCommerceDotNetClient.csproj", "{373C24F0-37B1-4A00-8D7E-CB5865BF9025}"
EndProject
Global
	GlobalSection(SolutionConfigurationPlatforms) = preSolution
		Debug|Any CPU = Debug|Any CPU
		Release|Any CPU = Release|Any CPU
	EndGlobalSection
	GlobalSection(ProjectConfigurationPlatforms) = postSolution
		{373C24F0-37B1-4A00-8D7E-CB5865BF9025}.Debug|Any CPU.ActiveCfg = Debug|Any CPU
		{373C24F0-37B1-4A00-8D7E-CB5865BF9025}.Debug|Any CPU.Build.0 = Debug|Any CPU
		{373C24F0-37B1-4A00-8D7E-CB5865BF9025}.Release|Any CPU.ActiveCfg = Release|Any CPU
		{373C24F0-37B1-4A00-8D7E-CB5865BF9025}.Release|Any CPU.Build.0 = Release|Any CPU
	EndGlobalSection
	GlobalSection(SolutionProperties) = preSolution
		HideSolutionNode = FALSE
	EndGlobalSection
	GlobalSection(ExtensibilityGlobals) = postSolution
		SolutionGuid = {66497857-9183-445D-BDAA-B531D91C3740}
	EndGlobalSection
EndGlobal
